
Microsoft Visual Studio Solution File, Format Version 12.00
# Visual Studio Version 17
VisualStudioVersion = 17.0.31903.59
MinimumVisualStudioVersion = 10.0.40219.1
Project("{FAE04EC0-301F-11D3-BF4B-00C04F79EFBC}") = "CRM.Api", "CRM.Api\CRM.Api.csproj", "{A1450023-DA45-BB5F-687D-DB6F17A724F6}"
EndProject
Project("{FAE04EC0-301F-11D3-BF4B-00C04F79EFBC}") = "CRM.Domain", "CRM.Domain\CRM.Domain.csproj", "{1376A4C7-F66B-43F2-B955-52A3888B7488}"
EndProject
Project("{FAE04EC0-301F-11D3-BF4B-00C04F79EFBC}") = "CRM.Framework", "CRM.Framework\CRM.Framework.csproj", "{3851574D-8F66-442C-9BA1-F3029EC6E10E}"
EndProject
Project("{FAE04EC0-301F-11D3-BF4B-00C04F79EFBC}") = "CRM.Infrastructure", "CRM.Infrastructure\CRM.Infrastructure.csproj", "{50522580-FF18-4C65-94F1-BA8698D371F8}"
EndProject
Project("{FAE04EC0-301F-11D3-BF4B-00C04F79EFBC}") = "CRM.Shared", "CRM.Shared\CRM.Shared.csproj", "{C4EB5C48-D90E-48CE-9044-659454E834CE}"
EndProject
Global
	GlobalSection(SolutionConfigurationPlatforms) = preSolution
		Debug|Any CPU = Debug|Any CPU
		Release|Any CPU = Release|Any CPU
	EndGlobalSection
	GlobalSection(ProjectConfigurationPlatforms) = postSolution
		{A1450023-DA45-BB5F-687D-DB6F17A724F6}.Debug|Any CPU.ActiveCfg = Debug|Any CPU
		{A1450023-DA45-BB5F-687D-DB6F17A724F6}.Debug|Any CPU.Build.0 = Debug|Any CPU
		{A1450023-DA45-BB5F-687D-DB6F17A724F6}.Release|Any CPU.ActiveCfg = Release|Any CPU
		{A1450023-DA45-BB5F-687D-DB6F17A724F6}.Release|Any CPU.Build.0 = Release|Any CPU
		{1376A4C7-F66B-43F2-B955-52A3888B7488}.Debug|Any CPU.ActiveCfg = Debug|Any CPU
		{1376A4C7-F66B-43F2-B955-52A3888B7488}.Debug|Any CPU.Build.0 = Debug|Any CPU
		{1376A4C7-F66B-43F2-B955-52A3888B7488}.Release|Any CPU.ActiveCfg = Release|Any CPU
		{1376A4C7-F66B-43F2-B955-52A3888B7488}.Release|Any CPU.Build.0 = Release|Any CPU
		{3851574D-8F66-442C-9BA1-F3029EC6E10E}.Debug|Any CPU.ActiveCfg = Debug|Any CPU
		{3851574D-8F66-442C-9BA1-F3029EC6E10E}.Debug|Any CPU.Build.0 = Debug|Any CPU
		{3851574D-8F66-442C-9BA1-F3029EC6E10E}.Release|Any CPU.ActiveCfg = Release|Any CPU
		{3851574D-8F66-442C-9BA1-F3029EC6E10E}.Release|Any CPU.Build.0 = Release|Any CPU
		{50522580-FF18-4C65-94F1-BA8698D371F8}.Debug|Any CPU.ActiveCfg = Debug|Any CPU
		{50522580-FF18-4C65-94F1-BA8698D371F8}.Debug|Any CPU.Build.0 = Debug|Any CPU
		{50522580-FF18-4C65-94F1-BA8698D371F8}.Release|Any CPU.ActiveCfg = Release|Any CPU
		{50522580-FF18-4C65-94F1-BA8698D371F8}.Release|Any CPU.Build.0 = Release|Any CPU
		{C4EB5C48-D90E-48CE-9044-659454E834CE}.Debug|Any CPU.ActiveCfg = Debug|Any CPU
		{C4EB5C48-D90E-48CE-9044-659454E834CE}.Debug|Any CPU.Build.0 = Debug|Any CPU
		{C4EB5C48-D90E-48CE-9044-659454E834CE}.Release|Any CPU.ActiveCfg = Release|Any CPU
		{C4EB5C48-D90E-48CE-9044-659454E834CE}.Release|Any CPU.Build.0 = Release|Any CPU
	EndGlobalSection
	GlobalSection(SolutionProperties) = preSolution
		HideSolutionNode = FALSE
	EndGlobalSection
	GlobalSection(ExtensibilityGlobals) = postSolution
		SolutionGuid = {35C87327-DBF8-4671-8DCD-B1DD45F1EE47}
	EndGlobalSection
EndGlobal
